
Microsoft Visual Studio Solution File, Format Version 12.00
# Visual Studio Version 17
VisualStudioVersion = 17.10.34928.147
MinimumVisualStudioVersion = 10.0.40219.1
Project("{FAE04EC0-301F-11D3-BF4B-00C04F79EFBC}") = "sh-widescreen-revamp", "sh-widescreen-revamp\sh-widescreen-revamp.csproj", "{21B323C9-D5B2-4F96-B9CD-EFE36F413096}"
EndProject
Global
	GlobalSection(SolutionConfigurationPlatforms) = preSolution
		Debug|Any CPU = Debug|Any CPU
		Release|Any CPU = Release|Any CPU
	EndGlobalSection
	GlobalSection(ProjectConfigurationPlatforms) = postSolution
		{21B323C9-D5B2-4F96-B9CD-EFE36F413096}.Debug|Any CPU.ActiveCfg = Debug|Any CPU
		{21B323C9-D5B2-4F96-B9CD-EFE36F413096}.Debug|Any CPU.Build.0 = Debug|Any CPU
		{21B323C9-D5B2-4F96-B9CD-EFE36F413096}.Release|Any CPU.ActiveCfg = Release|Any CPU
		{21B323C9-D5B2-4F96-B9CD-EFE36F413096}.Release|Any CPU.Build.0 = Release|Any CPU
	EndGlobalSection
	GlobalSection(SolutionProperties) = preSolution
		HideSolutionNode = FALSE
	EndGlobalSection
	GlobalSection(ExtensibilityGlobals) = postSolution
		SolutionGuid = {F5635FC7-BA39-4F19-82E0-4588B137A3C7}
	EndGlobalSection
EndGlobal
